
Microsoft Visual Studio Solution File, Format Version 12.00
# Visual Studio Version 16
VisualStudioVersion = 16.0.31613.86
MinimumVisualStudioVersion = 10.0.40219.1
Project("{FAE04EC0-301F-11D3-BF4B-00C04F79EFBC}") = "Counter.Android", "Counter.Android\Counter.Android.csproj", "{6F70AFE6-2020-42B2-A3EF-FCA457B8D355}"
EndProject
Project("{FAE04EC0-301F-11D3-BF4B-00C04F79EFBC}") = "Counter", "Counter\Counter.csproj", "{5D1547E2-C61F-474A-8A35-2A8EC59F9113}"
EndProject
Global
	GlobalSection(SolutionConfigurationPlatforms) = preSolution
		Debug|Any CPU = Debug|Any CPU
		Release|Any CPU = Release|Any CPU
	EndGlobalSection
	GlobalSection(ProjectConfigurationPlatforms) = postSolution
		{6F70AFE6-2020-42B2-A3EF-FCA457B8D355}.Debug|Any CPU.ActiveCfg = Debug|Any CPU
		{6F70AFE6-2020-42B2-A3EF-FCA457B8D355}.Debug|Any CPU.Build.0 = Debug|Any CPU
		{6F70AFE6-2020-42B2-A3EF-FCA457B8D355}.Debug|Any CPU.Deploy.0 = Debug|Any CPU
		{6F70AFE6-2020-42B2-A3EF-FCA457B8D355}.Release|Any CPU.ActiveCfg = Release|Any CPU
		{6F70AFE6-2020-42B2-A3EF-FCA457B8D355}.Release|Any CPU.Build.0 = Release|Any CPU
		{6F70AFE6-2020-42B2-A3EF-FCA457B8D355}.Release|Any CPU.Deploy.0 = Release|Any CPU
		{5D1547E2-C61F-474A-8A35-2A8EC59F9113}.Debug|Any CPU.ActiveCfg = Debug|Any CPU
		{5D1547E2-C61F-474A-8A35-2A8EC59F9113}.Debug|Any CPU.Build.0 = Debug|Any CPU
		{5D1547E2-C61F-474A-8A35-2A8EC59F9113}.Debug|Any CPU.Deploy.0 = Debug|Any CPU
		{5D1547E2-C61F-474A-8A35-2A8EC59F9113}.Release|Any CPU.ActiveCfg = Release|Any CPU
		{5D1547E2-C61F-474A-8A35-2A8EC59F9113}.Release|Any CPU.Build.0 = Release|Any CPU
		{5D1547E2-C61F-474A-8A35-2A8EC59F9113}.Release|Any CPU.Deploy.0 = Release|Any CPU
	EndGlobalSection
	GlobalSection(SolutionProperties) = preSolution
		HideSolutionNode = FALSE
	EndGlobalSection
	GlobalSection(ExtensibilityGlobals) = postSolution
		SolutionGuid = {F418AFA3-A147-4A41-8BCB-DB1E3ED8CBAC}
	EndGlobalSection
EndGlobal
